{
    "_meta": {
        "hash": {
            "sha256": "012a417a1706e95cdfb6b029a60229692f615d8b23e512d14bc305e8406c33e5"
        },
        "pipfile-spec": 6,
        "requires": {
            "python_version": "3.10"
        },
        "sources": [
            {
                "name": "pypi",
                "url": "https://pypi.org/simple",
                "verify_ssl": true
            }
        ]
    },
    "default": {
        "cupy": {
            "hashes": [
                "sha256:3cba30ae3dd32b5d5c6536e710cb98015227cd4ba83c46b3f1825a7ae55b6667"
            ],
            "index": "pypi",
            "markers": "python_version >= '3.9'",
            "version": "==13.6.0"
        },
        "fastrlock": {
            "hashes": [
                "sha256:001fd86bcac78c79658bac496e8a17472d64d558cd2227fdc768aa77f877fe40",
                "sha256:04bb5eef8f460d13b8c0084ea5a9d3aab2c0573991c880c0a34a56bb14951d30",
                "sha256:05029d7080c0c61a81d5fee78e842c9a1bf22552cd56129451a252655290dcef",
                "sha256:0a9dc6fa73174f974dfb22778d05a44445b611a41d5d3776b0d5daa9e50225c6",
                "sha256:0d6a77b3f396f7d41094ef09606f65ae57feeb713f4285e8e417f4021617ca62",
                "sha256:0ea4e53a04980d646def0f5e4b5e8bd8c7884288464acab0b37ca0c65c482bfe",
                "sha256:15e13a8b01a3bbf25f1615a6ac1d6ed40ad3bcb8db134ee5ffa7360214a8bc5c",
                "sha256:1dd7f1520f7424793c812e1a4090570f8ff312725dbaf10a925b688aef7425f1",
                "sha256:1fced4cb0b3f1616be68092b70a56e9173713a4a943d02e90eb9c7897a7b5e07",
                "sha256:239e85cbebda16f14be92468ce648d0bc25e2442a3d11818deca59a7c43a4416",
                "sha256:24522689f4b5311afad0c8f998daec84a3dbe3a70cf821a615a763f843903030",
                "sha256:2a83d558470c520ed21462d304e77a12639859b205759221c8144dd2896b958a",
                "sha256:314e787532ce555a7362d3c438f0a680cd88a82c69b655e7181a4dd5e67712f5",
                "sha256:33e6fa4af4f3af3e9c747ec72d1eadc0b7ba2035456c2afb51c24d9e8a56f8fd",
                "sha256:350f517a7d22d383f8ef76652b0609dc79de6693880a99bafc8a05c100e8c5e7",
                "sha256:38340f6635bd4ee2a4fb02a3a725759fe921f2ca846cb9ca44531ba739cc17b4",
                "sha256:387b2ac642938a20170a50f528817026c561882ea33306c5cbe750ae10d0a7c2",
                "sha256:3df8514086e16bb7c66169156a8066dc152f3be892c7817e85bf09a27fa2ada2",
                "sha256:3e77a3d0ca5b29695d86b7d03ea88029c0ed8905cfee658eb36052df3861855a",
                "sha256:40b328369005a0b32de14b699192aed32f549c2d2b27a5e1f614fb7ac4cec4e9",
                "sha256:45055702fe9bff719cdc62caa849aa7dbe9e3968306025f639ec62ef03c65e88",
                "sha256:494fc374afd0b6c7281c87f2ded9607c2731fc0057ec63bd3ba4451e7b7cb642",
                "sha256:4a98ba46b3e14927550c4baa36b752d0d2f7387b8534864a8767f83cce75c160",
                "sha256:4af6734d92eaa3ab4373e6c9a1dd0d5ad1304e172b1521733c6c3b3d73c8fa5d",
                "sha256:5264088185ca8e6bc83181dff521eee94d078c269c7d557cc8d9ed5952b7be45",
                "sha256:558b538221e9c5502bb8725a1f51157ec38467a20498212838e385807e4d1b89",
                "sha256:55d42f6286b9d867370af4c27bc70d04ce2d342fe450c4a4fcce14440514e695",
                "sha256:5a0d31840a28d66573047d2df410eb971135a2461fb952894bf51c9533cbfea5",
                "sha256:5e5f1665d8e70f4c5b4a67f2db202f354abc80a321ce5a26ac1493f055e3ae2c",
                "sha256:5eef1d32d7614e0ceb6db198cf53df2a5830685cccbcf141a3e116faca967384",
                "sha256:5f13ec08f1adb1aa916c384b05ecb7dbebb8df9ea81abd045f60941c6283a670",
                "sha256:668fad1c8322badbc8543673892f80ee563f3da9113e60e256ae9ddd5b23daa4",
                "sha256:6cbfb6f7731b5a280851c93883624424068fa5b22c2f546d8ae6f1fd9311e36d",
                "sha256:767ec79b7f6ed9b9a00eb9ff62f2a51f56fdb221c5092ab2dadec34a9ccbfc6e",
                "sha256:77ab8a98417a1f467dafcd2226718f7ca0cf18d4b64732f838b8c2b3e4b55cb5",
                "sha256:7a77ebb0a24535ef4f167da2c5ee35d9be1e96ae192137e9dc3ff75b8dfc08a5",
                "sha256:80876d9e04e8e35abbdb3e1a81a56558f4d5cf90c8592e428d4d12efce048347",
                "sha256:85a49a1f1e020097d087e1963e42cea6f307897d5ebe2cb6daf4af47ffdd3eed",
                "sha256:8c9d459ce344c21ff03268212a1845aa37feab634d242131bc16c2a2355d5f65",
                "sha256:8cb2cf04352ea8575d496f31b3b88c42c7976e8e58cdd7d1550dfba80ca039da",
                "sha256:8d1d6a28291b4ace2a66bd7b49a9ed9c762467617febdd9ab356b867ed901af8",
                "sha256:924abbf21eba69c1b35c04278f3ca081e8de1ef5933355756e86e05499123238",
                "sha256:92577ff82ef4a94c5667d6d2841f017820932bc59f31ffd83e4a2c56c1738f90",
                "sha256:963123bafc41c9fba72e57145917a3f23086b5d631b6cda9cf858c428a606ff9",
                "sha256:9842b7722e4923fe76b08d8c58a9415a9a50d4c29b80673cffeae4874ea6626a",
                "sha256:9c2c24856d2adc60ab398780f7b7cd8a091e4bd0c0e3bb3e67f12bef2800f377",
                "sha256:9c4068f21fddc47393a3526ce95b180a2f4e1ac286db8d9e59e56771da50c815",
                "sha256:a0eadc772353cfa464b34c814b2a97c4f3c0ba0ed7b8e1c2e0ad3ebba84bf8e0",
                "sha256:a8fd6727c1e0952ba93fdc5975753781039772be6c1a3911a3afc87b53460dc0",
                "sha256:ac4fcc9b43160f7f64b49bd7ecfd129faf0793c1c8c6f0f56788c3bacae7f54a",
                "sha256:accd897ab2799024bb87b489c0f087d6000b89af1f184a66e996d3d96a025a3b",
                "sha256:b6ac082d670e195ad53ec8d0c5d2e87648f8838b0d48f7d44a6e696b8a9528e2",
                "sha256:bbbe31cb60ec32672969651bf68333680dacaebe1a1ec7952b8f5e6e23a70aa5",
                "sha256:bbc3bf96dcbd68392366c477f78c9d5c47e5d9290cb115feea19f20a43ef6d05",
                "sha256:c6e5bfecbc0d72ff07e43fed81671747914d6794e0926700677ed26d894d4f4f",
                "sha256:cc5fa9166e05409f64a804d5b6d01af670979cdb12cd2594f555cb33cdc155bd",
                "sha256:cdee8c02c20a0b17dbc52f54c48ede3bd421985e5d9cef5cd2136b14da967996",
                "sha256:d3ebb29de71bf9e330c2769c34a6b5e69d560126f02994e6c09635a2784f6de3",
                "sha256:d51f7fb0db8dab341b7f03a39a3031678cf4a98b18533b176c533c122bfce47d",
                "sha256:d7edaf0071a6a98340fc2ec45b0ba37b7a16ed7761479aab577e41e09b3565e1",
                "sha256:d7f359bb989c01a5875e8dbde9acab37b9da0943b60ef97ba9887c4598eb3009",
                "sha256:da06d43e1625e2ffddd303edcd6d2cd068e1c486f5fd0102b3f079c44eb13e2c",
                "sha256:da53350b90a67d5431df726816b041f1f96fd558ad6e2fc64948e13be3c7c29a",
                "sha256:dbdea6deeccea1917c6017d353987231c4e46c93d5338ca3e66d6cd88fbce259",
                "sha256:de8c90c1a23fbe929d8a9628a6c1f0f1d8af6019e786354a682a26fa22ea21be",
                "sha256:e0ceefadde046a5f6a261bfeaf25de9e0eba3ee790a9795b1fa9634111d3220e",
                "sha256:f2b84b2fe858e64946e54e0e918b8a0e77fc7b09ca960ae1e50a130e8fbc9af8",
                "sha256:f68c551cf8a34b6460a3a0eba44bd7897ebfc820854e19970c52a76bf064a59f",
                "sha256:fcb50e195ec981c92d0211a201704aecbd9e4f9451aea3a6f71ac5b1ec2c98cf"
            ],
            "version": "==0.8.3"
        },
        "numpy": {
            "hashes": [
                "sha256:038613e9fb8c72b0a41f025a7e4c3f0b7a1b5d768ece4796b674c8f3fe13efff",
                "sha256:0678000bb9ac1475cd454c6b8c799206af8107e310843532b04d49649c717a47",
                "sha256:0811bb762109d9708cca4d0b13c4f67146e3c3b7cf8d34018c722adb2d957c84",
                "sha256:0b605b275d7bd0c640cad4e5d30fa701a8d59302e127e5f79138ad62762c3e3d",
                "sha256:0bca768cd85ae743b2affdc762d617eddf3bcf8724435498a1e80132d04879e6",
                "sha256:1bc23a79bfabc5d056d106f9befb8d50c31ced2fbc70eedb8155aec74a45798f",
                "sha256:287cc3162b6f01463ccd86be154f284d0893d2b3ed7292439ea97eafa8170e0b",
                "sha256:37c0ca431f82cd5fa716eca9506aefcabc247fb27ba69c5062a6d3ade8cf8f49",
                "sha256:37e990a01ae6ec7fe7fa1c26c55ecb672dd98b19c3d0e1d1f326fa13cb38d163",
                "sha256:389d771b1623ec92636b0786bc4ae56abafad4a4c513d36a55dce14bd9ce8571",
                "sha256:3d70692235e759f260c3d837193090014aebdf026dfd167834bcba43e30c2a42",
                "sha256:41c5a21f4a04fa86436124d388f6ed60a9343a6f767fced1a8a71c3fbca038ff",
                "sha256:481b49095335f8eed42e39e8041327c05b0f6f4780488f61286ed3c01368d491",
                "sha256:4eeaae00d789f66c7a25ac5f34b71a7035bb474e679f410e5e1a94deb24cf2d4",
                "sha256:55a4d33fa519660d69614a9fad433be87e5252f4b03850642f88993f7b2ca566",
                "sha256:5a6429d4be8ca66d889b7cf70f536a397dc45ba6faeb5f8c5427935d9592e9cf",
                "sha256:5bd4fc3ac8926b3819797a7c0e2631eb889b4118a9898c84f585a54d475b7e40",
                "sha256:5beb72339d9d4fa36522fc63802f469b13cdbe4fdab4a288f0c441b74272ebfd",
                "sha256:6031dd6dfecc0cf9f668681a37648373bddd6421fff6c66ec1624eed0180ee06",
                "sha256:71594f7c51a18e728451bb50cc60a3ce4e6538822731b2933209a1f3614e9282",
                "sha256:74d4531beb257d2c3f4b261bfb0fc09e0f9ebb8842d82a7b4209415896adc680",
                "sha256:7befc596a7dc9da8a337f79802ee8adb30a552a94f792b9c9d18c840055907db",
                "sha256:894b3a42502226a1cac872f840030665f33326fc3dac8e57c607905773cdcde3",
                "sha256:8e41fd67c52b86603a91c1a505ebaef50b3314de0213461c7a6e99c9a3beff90",
                "sha256:8e9ace4a37db23421249ed236fdcdd457d671e25146786dfc96835cd951aa7c1",
                "sha256:8fc377d995680230e83241d8a96def29f204b5782f371c532579b4f20607a289",
                "sha256:9551a499bf125c1d4f9e250377c1ee2eddd02e01eac6644c080162c0c51778ab",
                "sha256:b0544343a702fa80c95ad5d3d608ea3599dd54d4632df855e4c8d24eb6ecfa1c",
                "sha256:b093dd74e50a8cba3e873868d9e93a85b78e0daf2e98c6797566ad8044e8363d",
                "sha256:b412caa66f72040e6d268491a59f2c43bf03eb6c96dd8f0307829feb7fa2b6fb",
                "sha256:b4f13750ce79751586ae2eb824ba7e1e8dba64784086c98cdbbcc6a42112ce0d",
                "sha256:b64d8d4d17135e00c8e346e0a738deb17e754230d7e0810ac5012750bbd85a5a",
                "sha256:ba10f8411898fc418a521833e014a77d3ca01c15b0c6cdcce6a0d2897e6dbbdf",
                "sha256:bd48227a919f1bafbdda0583705e547892342c26fb127219d60a5c36882609d1",
                "sha256:c1f9540be57940698ed329904db803cf7a402f3fc200bfe599334c9bd84a40b2",
                "sha256:c820a93b0255bc360f53eca31a0e676fd1101f673dda8da93454a12e23fc5f7a",
                "sha256:ce47521a4754c8f4593837384bd3424880629f718d87c5d44f8ed763edd63543",
                "sha256:d042d24c90c41b54fd506da306759e06e568864df8ec17ccc17e9e884634fd00",
                "sha256:de749064336d37e340f640b05f24e9e3dd678c57318c7289d222a8a2f543e90c",
                "sha256:e1dda9c7e08dc141e0247a5b8f49cf05984955246a327d4c48bda16821947b2f",
                "sha256:e29554e2bef54a90aa5cc07da6ce955accb83f21ab5de01a62c8478897b264fd",
                "sha256:e3143e4451880bed956e706a3220b4e5cf6172ef05fcc397f6f36a550b1dd868",
                "sha256:e8213002e427c69c45a52bbd94163084025f533a55a59d6f9c5b820774ef3303",
                "sha256:efd28d4e9cd7d7a8d39074a4d44c63eda73401580c5c76acda2ce969e0a38e83",
                "sha256:f0fd6321b839904e15c46e0d257fdd101dd7f530fe03fd6359c1ea63738703f3",
                "sha256:f1372f041402e37e5e633e586f62aa53de2eac8d98cbfb822806ce4bbefcb74d",
                "sha256:f2618db89be1b4e05f7a1a847a9c1c0abd63e63a1607d892dd54668dd92faf87",
                "sha256:f447e6acb680fd307f40d3da4852208af94afdfab89cf850986c3ca00562f4fa",
                "sha256:f92729c95468a2f4f15e9bb94c432a9229d0d50de67304399627a943201baa2f",
                "sha256:f9f1adb22318e121c5c69a09142811a201ef17ab257a1e66ca3025065b7f53ae",
                "sha256:fc0c5673685c508a142ca65209b4e79ed6740a4ed6b2267dbba90f34b0b3cfda",
                "sha256:fc7b73d02efb0e18c000e9ad8b83480dfcd5dfd11065997ed4c6747470ae8915",
                "sha256:fd83c01228a688733f1ded5201c678f0c53ecc1006ffbc404db9f7a899ac6249",
                "sha256:fe27749d33bb772c80dcd84ae7e8df2adc920ae8297400dabec45f0dedb3f6de",
                "sha256:fee4236c876c4e8369388054d02d0e9bb84821feb1a64dd59e137e6511a551f8"
            ],
            "markers": "python_version >= '3.10'",
            "version": "==2.2.6"
        }
    },
    "develop": {}
}
